
Microsoft Visual Studio Solution File, Format Version 12.00
# Visual Studio 2013
VisualStudioVersion = 12.0.21005.1
MinimumVisualStudioVersion = 10.0.40219.1
Project("{FAE04EC0-301F-11D3-BF4B-00C04F79EFBC}") = "USAppointmentRESTAPI", "USAppointmentRESTAPI\USAppointmentRESTAPI.csproj", "{EA154C83-5728-42C7-802A-5D823B52B354}"
EndProject
Project("{FAE04EC0-301F-11D3-BF4B-00C04F79EFBC}") = "USAppointmentRESTAPI.DAO", "USAppointmentRESTAPI.DAO\USAppointmentRESTAPI.DAO.csproj", "{63E6A5C1-E37D-4875-831A-BA979696BDC7}"
EndProject
Global
	GlobalSection(SolutionConfigurationPlatforms) = preSolution
		Debug|Any CPU = Debug|Any CPU
		Debug|x86 = Debug|x86
		Release|Any CPU = Release|Any CPU
		Release|x86 = Release|x86
	EndGlobalSection
	GlobalSection(ProjectConfigurationPlatforms) = postSolution
		{EA154C83-5728-42C7-802A-5D823B52B354}.Debug|Any CPU.ActiveCfg = Debug|Any CPU
		{EA154C83-5728-42C7-802A-5D823B52B354}.Debug|Any CPU.Build.0 = Debug|Any CPU
		{EA154C83-5728-42C7-802A-5D823B52B354}.Debug|x86.ActiveCfg = Debug|x86
		{EA154C83-5728-42C7-802A-5D823B52B354}.Debug|x86.Build.0 = Debug|x86
		{EA154C83-5728-42C7-802A-5D823B52B354}.Release|Any CPU.ActiveCfg = Release|Any CPU
		{EA154C83-5728-42C7-802A-5D823B52B354}.Release|Any CPU.Build.0 = Release|Any CPU
		{EA154C83-5728-42C7-802A-5D823B52B354}.Release|x86.ActiveCfg = Release|x86
		{EA154C83-5728-42C7-802A-5D823B52B354}.Release|x86.Build.0 = Release|x86
		{63E6A5C1-E37D-4875-831A-BA979696BDC7}.Debug|Any CPU.ActiveCfg = Debug|Any CPU
		{63E6A5C1-E37D-4875-831A-BA979696BDC7}.Debug|Any CPU.Build.0 = Debug|Any CPU
		{63E6A5C1-E37D-4875-831A-BA979696BDC7}.Debug|x86.ActiveCfg = Debug|x86
		{63E6A5C1-E37D-4875-831A-BA979696BDC7}.Debug|x86.Build.0 = Debug|x86
		{63E6A5C1-E37D-4875-831A-BA979696BDC7}.Release|Any CPU.ActiveCfg = Release|Any CPU
		{63E6A5C1-E37D-4875-831A-BA979696BDC7}.Release|Any CPU.Build.0 = Release|Any CPU
		{63E6A5C1-E37D-4875-831A-BA979696BDC7}.Release|x86.ActiveCfg = Release|x86
		{63E6A5C1-E37D-4875-831A-BA979696BDC7}.Release|x86.Build.0 = Release|x86
	EndGlobalSection
	GlobalSection(SolutionProperties) = preSolution
		HideSolutionNode = FALSE
	EndGlobalSection
EndGlobal
